
Microsoft Visual Studio Solution File, Format Version 12.00
# Visual Studio Version 18
VisualStudioVersion = 18.2.11415.280 d18.0
MinimumVisualStudioVersion = 10.0.40219.1
Project("{FAE04EC0-301F-11D3-BF4B-00C04F79EFBC}") = "TransportX.Player", "TransportX.Player\TransportX.Player.csproj", "{026C817E-A72A-4244-B32C-CBB5FC756AEE}"
EndProject
Project("{8BC9CEB8-8B4A-11D0-8D11-00A0C91BC942}") = "TransportX.Assets", "TransportX.Assets\TransportX.Assets.vcxproj", "{53C7A347-1199-4980-A6FE-989CA024F810}"
EndProject
Project("{FAE04EC0-301F-11D3-BF4B-00C04F79EFBC}") = "TransportX", "TransportX\TransportX.csproj", "{FCC852E4-CC5F-4518-879D-D26E0B5D902F}"
EndProject
Project("{FAE04EC0-301F-11D3-BF4B-00C04F79EFBC}") = "TransportX.Sample", "TransportX.Sample\TransportX.Sample.csproj", "{4AEF7AA1-46C3-4B39-8082-11D558375FF1}"
EndProject
Project("{FAE04EC0-301F-11D3-BF4B-00C04F79EFBC}") = "TransportX.Extensions", "TransportX.Extensions\TransportX.Extensions.csproj", "{E129C809-68F0-4B59-B465-9B765D3B63D9}"
EndProject
Project("{FAE04EC0-301F-11D3-BF4B-00C04F79EFBC}") = "TransportX.Scripting", "TransportX.Scripting\TransportX.Scripting.csproj", "{35064545-6C70-40F2-A7E7-EEE23EDEC73C}"
EndProject
Global
	GlobalSection(SolutionConfigurationPlatforms) = preSolution
		Debug|Any CPU = Debug|Any CPU
		Debug|x64 = Debug|x64
		Debug|x86 = Debug|x86
		Release|Any CPU = Release|Any CPU
		Release|x64 = Release|x64
		Release|x86 = Release|x86
	EndGlobalSection
	GlobalSection(ProjectConfigurationPlatforms) = postSolution
		{026C817E-A72A-4244-B32C-CBB5FC756AEE}.Debug|Any CPU.ActiveCfg = Debug|Any CPU
		{026C817E-A72A-4244-B32C-CBB5FC756AEE}.Debug|Any CPU.Build.0 = Debug|Any CPU
		{026C817E-A72A-4244-B32C-CBB5FC756AEE}.Debug|x64.ActiveCfg = Debug|Any CPU
		{026C817E-A72A-4244-B32C-CBB5FC756AEE}.Debug|x64.Build.0 = Debug|Any CPU
		{026C817E-A72A-4244-B32C-CBB5FC756AEE}.Debug|x86.ActiveCfg = Debug|Any CPU
		{026C817E-A72A-4244-B32C-CBB5FC756AEE}.Debug|x86.Build.0 = Debug|Any CPU
		{026C817E-A72A-4244-B32C-CBB5FC756AEE}.Release|Any CPU.ActiveCfg = Release|Any CPU
		{026C817E-A72A-4244-B32C-CBB5FC756AEE}.Release|Any CPU.Build.0 = Release|Any CPU
		{026C817E-A72A-4244-B32C-CBB5FC756AEE}.Release|x64.ActiveCfg = Release|Any CPU
		{026C817E-A72A-4244-B32C-CBB5FC756AEE}.Release|x64.Build.0 = Release|Any CPU
		{026C817E-A72A-4244-B32C-CBB5FC756AEE}.Release|x86.ActiveCfg = Release|Any CPU
		{026C817E-A72A-4244-B32C-CBB5FC756AEE}.Release|x86.Build.0 = Release|Any CPU
		{53C7A347-1199-4980-A6FE-989CA024F810}.Debug|Any CPU.ActiveCfg = Debug|x64
		{53C7A347-1199-4980-A6FE-989CA024F810}.Debug|Any CPU.Build.0 = Debug|x64
		{53C7A347-1199-4980-A6FE-989CA024F810}.Debug|x64.ActiveCfg = Debug|x64
		{53C7A347-1199-4980-A6FE-989CA024F810}.Debug|x64.Build.0 = Debug|x64
		{53C7A347-1199-4980-A6FE-989CA024F810}.Debug|x86.ActiveCfg = Debug|Win32
		{53C7A347-1199-4980-A6FE-989CA024F810}.Debug|x86.Build.0 = Debug|Win32
		{53C7A347-1199-4980-A6FE-989CA024F810}.Release|Any CPU.ActiveCfg = Release|x64
		{53C7A347-1199-4980-A6FE-989CA024F810}.Release|Any CPU.Build.0 = Release|x64
		{53C7A347-1199-4980-A6FE-989CA024F810}.Release|x64.ActiveCfg = Release|x64
		{53C7A347-1199-4980-A6FE-989CA024F810}.Release|x64.Build.0 = Release|x64
		{53C7A347-1199-4980-A6FE-989CA024F810}.Release|x86.ActiveCfg = Release|Win32
		{53C7A347-1199-4980-A6FE-989CA024F810}.Release|x86.Build.0 = Release|Win32
		{FCC852E4-CC5F-4518-879D-D26E0B5D902F}.Debug|Any CPU.ActiveCfg = Debug|Any CPU
		{FCC852E4-CC5F-4518-879D-D26E0B5D902F}.Debug|Any CPU.Build.0 = Debug|Any CPU
		{FCC852E4-CC5F-4518-879D-D26E0B5D902F}.Debug|x64.ActiveCfg = Debug|Any CPU
		{FCC852E4-CC5F-4518-879D-D26E0B5D902F}.Debug|x64.Build.0 = Debug|Any CPU
		{FCC852E4-CC5F-4518-879D-D26E0B5D902F}.Debug|x86.ActiveCfg = Debug|Any CPU
		{FCC852E4-CC5F-4518-879D-D26E0B5D902F}.Debug|x86.Build.0 = Debug|Any CPU
		{FCC852E4-CC5F-4518-879D-D26E0B5D902F}.Release|Any CPU.ActiveCfg = Release|Any CPU
		{FCC852E4-CC5F-4518-879D-D26E0B5D902F}.Release|Any CPU.Build.0 = Release|Any CPU
		{FCC852E4-CC5F-4518-879D-D26E0B5D902F}.Release|x64.ActiveCfg = Release|Any CPU
		{FCC852E4-CC5F-4518-879D-D26E0B5D902F}.Release|x64.Build.0 = Release|Any CPU
		{FCC852E4-CC5F-4518-879D-D26E0B5D902F}.Release|x86.ActiveCfg = Release|Any CPU
		{FCC852E4-CC5F-4518-879D-D26E0B5D902F}.Release|x86.Build.0 = Release|Any CPU
		{4AEF7AA1-46C3-4B39-8082-11D558375FF1}.Debug|Any CPU.ActiveCfg = Debug|Any CPU
		{4AEF7AA1-46C3-4B39-8082-11D558375FF1}.Debug|Any CPU.Build.0 = Debug|Any CPU
		{4AEF7AA1-46C3-4B39-8082-11D558375FF1}.Debug|x64.ActiveCfg = Debug|Any CPU
		{4AEF7AA1-46C3-4B39-8082-11D558375FF1}.Debug|x64.Build.0 = Debug|Any CPU
		{4AEF7AA1-46C3-4B39-8082-11D558375FF1}.Debug|x86.ActiveCfg = Debug|Any CPU
		{4AEF7AA1-46C3-4B39-8082-11D558375FF1}.Debug|x86.Build.0 = Debug|Any CPU
		{4AEF7AA1-46C3-4B39-8082-11D558375FF1}.Release|Any CPU.ActiveCfg = Release|Any CPU
		{4AEF7AA1-46C3-4B39-8082-11D558375FF1}.Release|Any CPU.Build.0 = Release|Any CPU
		{4AEF7AA1-46C3-4B39-8082-11D558375FF1}.Release|x64.ActiveCfg = Release|Any CPU
		{4AEF7AA1-46C3-4B39-8082-11D558375FF1}.Release|x64.Build.0 = Release|Any CPU
		{4AEF7AA1-46C3-4B39-8082-11D558375FF1}.Release|x86.ActiveCfg = Release|Any CPU
		{4AEF7AA1-46C3-4B39-8082-11D558375FF1}.Release|x86.Build.0 = Release|Any CPU
		{E129C809-68F0-4B59-B465-9B765D3B63D9}.Debug|Any CPU.ActiveCfg = Debug|Any CPU
		{E129C809-68F0-4B59-B465-9B765D3B63D9}.Debug|Any CPU.Build.0 = Debug|Any CPU
		{E129C809-68F0-4B59-B465-9B765D3B63D9}.Debug|x64.ActiveCfg = Debug|Any CPU
		{E129C809-68F0-4B59-B465-9B765D3B63D9}.Debug|x64.Build.0 = Debug|Any CPU
		{E129C809-68F0-4B59-B465-9B765D3B63D9}.Debug|x86.ActiveCfg = Debug|Any CPU
		{E129C809-68F0-4B59-B465-9B765D3B63D9}.Debug|x86.Build.0 = Debug|Any CPU
		{E129C809-68F0-4B59-B465-9B765D3B63D9}.Release|Any CPU.ActiveCfg = Release|Any CPU
		{E129C809-68F0-4B59-B465-9B765D3B63D9}.Release|Any CPU.Build.0 = Release|Any CPU
		{E129C809-68F0-4B59-B465-9B765D3B63D9}.Release|x64.ActiveCfg = Release|Any CPU
		{E129C809-68F0-4B59-B465-9B765D3B63D9}.Release|x64.Build.0 = Release|Any CPU
		{E129C809-68F0-4B59-B465-9B765D3B63D9}.Release|x86.ActiveCfg = Release|Any CPU
		{E129C809-68F0-4B59-B465-9B765D3B63D9}.Release|x86.Build.0 = Release|Any CPU
		{35064545-6C70-40F2-A7E7-EEE23EDEC73C}.Debug|Any CPU.ActiveCfg = Debug|Any CPU
		{35064545-6C70-40F2-A7E7-EEE23EDEC73C}.Debug|Any CPU.Build.0 = Debug|Any CPU
		{35064545-6C70-40F2-A7E7-EEE23EDEC73C}.Debug|x64.ActiveCfg = Debug|Any CPU
		{35064545-6C70-40F2-A7E7-EEE23EDEC73C}.Debug|x64.Build.0 = Debug|Any CPU
		{35064545-6C70-40F2-A7E7-EEE23EDEC73C}.Debug|x86.ActiveCfg = Debug|Any CPU
		{35064545-6C70-40F2-A7E7-EEE23EDEC73C}.Debug|x86.Build.0 = Debug|Any CPU
		{35064545-6C70-40F2-A7E7-EEE23EDEC73C}.Release|Any CPU.ActiveCfg = Release|Any CPU
		{35064545-6C70-40F2-A7E7-EEE23EDEC73C}.Release|Any CPU.Build.0 = Release|Any CPU
		{35064545-6C70-40F2-A7E7-EEE23EDEC73C}.Release|x64.ActiveCfg = Release|Any CPU
		{35064545-6C70-40F2-A7E7-EEE23EDEC73C}.Release|x64.Build.0 = Release|Any CPU
		{35064545-6C70-40F2-A7E7-EEE23EDEC73C}.Release|x86.ActiveCfg = Release|Any CPU
		{35064545-6C70-40F2-A7E7-EEE23EDEC73C}.Release|x86.Build.0 = Release|Any CPU
	EndGlobalSection
	GlobalSection(SolutionProperties) = preSolution
		HideSolutionNode = FALSE
	EndGlobalSection
	GlobalSection(ExtensibilityGlobals) = postSolution
		SolutionGuid = {735126F6-1753-407C-9F4D-D28898EBF31F}
	EndGlobalSection
EndGlobal
